
Microsoft Visual Studio Solution File, Format Version 12.00
# Visual Studio Version 17
VisualStudioVersion = 17.8.34511.84
MinimumVisualStudioVersion = 10.0.40219.1
Project("{9A19103F-16F7-4668-BE54-9A1E7A4F7556}") = "Prog1", "Prog1\Prog1.csproj", "{D1EB6E27-A008-4E06-970D-0165E807F520}"
EndProject
Project("{9A19103F-16F7-4668-BE54-9A1E7A4F7556}") = "Prog2", "Prog2\Prog2.csproj", "{B0F5B4B6-AB11-4C70-836C-E72B0EB08F9C}"
EndProject
Project("{FAE04EC0-301F-11D3-BF4B-00C04F79EFBC}") = "Prog3", "Prog3\Prog3.csproj", "{119F8F04-0C0C-46BA-B710-F876B85EB8D4}"
EndProject
Global
	GlobalSection(SolutionConfigurationPlatforms) = preSolution
		Debug|Any CPU = Debug|Any CPU
		Release|Any CPU = Release|Any CPU
	EndGlobalSection
	GlobalSection(ProjectConfigurationPlatforms) = postSolution
		{D1EB6E27-A008-4E06-970D-0165E807F520}.Debug|Any CPU.ActiveCfg = Debug|Any CPU
		{D1EB6E27-A008-4E06-970D-0165E807F520}.Debug|Any CPU.Build.0 = Debug|Any CPU
		{D1EB6E27-A008-4E06-970D-0165E807F520}.Release|Any CPU.ActiveCfg = Release|Any CPU
		{D1EB6E27-A008-4E06-970D-0165E807F520}.Release|Any CPU.Build.0 = Release|Any CPU
		{B0F5B4B6-AB11-4C70-836C-E72B0EB08F9C}.Debug|Any CPU.ActiveCfg = Debug|Any CPU
		{B0F5B4B6-AB11-4C70-836C-E72B0EB08F9C}.Debug|Any CPU.Build.0 = Debug|Any CPU
		{B0F5B4B6-AB11-4C70-836C-E72B0EB08F9C}.Release|Any CPU.ActiveCfg = Release|Any CPU
		{B0F5B4B6-AB11-4C70-836C-E72B0EB08F9C}.Release|Any CPU.Build.0 = Release|Any CPU
		{119F8F04-0C0C-46BA-B710-F876B85EB8D4}.Debug|Any CPU.ActiveCfg = Debug|Any CPU
		{119F8F04-0C0C-46BA-B710-F876B85EB8D4}.Debug|Any CPU.Build.0 = Debug|Any CPU
		{119F8F04-0C0C-46BA-B710-F876B85EB8D4}.Release|Any CPU.ActiveCfg = Release|Any CPU
		{119F8F04-0C0C-46BA-B710-F876B85EB8D4}.Release|Any CPU.Build.0 = Release|Any CPU
	EndGlobalSection
	GlobalSection(SolutionProperties) = preSolution
		HideSolutionNode = FALSE
	EndGlobalSection
	GlobalSection(ExtensibilityGlobals) = postSolution
		SolutionGuid = {8A21F8EE-5641-406F-8DF1-959256E597A6}
	EndGlobalSection
EndGlobal
